{
  "name": "Proyecto_PC",
  "lockfileVersion": 3,
  "requires": true,
  "packages": {
    "": {
      "dependencies": {
        "bootstrap": "^5.0.2",
        "datatables.net": "^2.3.7",
        "datatables.net-dt": "^2.3.7",
        "datatables.net-responsive": "^3.0.8",
        "datatables.net-responsive-dt": "^3.0.8",
        "jquery": "^3.7.1",
        "material-icons": "^1.13.14",
        "sweetalert2": "^11.26.18",
        "toastr": "^2.1.4"
      }
    },
    "node_modules/@popperjs/core": {
      "version": "2.11.8",
      "resolved": "https://registry.npmjs.org/@popperjs/core/-/core-2.11.8.tgz",
      "integrity": "sha512-P1st0aksCrn9sGZhp8GMYwBnQsbvAWsZAX44oXNNvLHGqAOcoVxmjZiohstwQ7SqKnbR47akdNi+uleWD8+g6A==",
      "license": "MIT",
      "peer": true,
      "funding": {
        "type": "opencollective",
        "url": "https://opencollective.com/popperjs"
      }
    },
    "node_modules/bootstrap": {
      "version": "5.0.2",
      "resolved": "https://registry.npmjs.org/bootstrap/-/bootstrap-5.0.2.tgz",
      "integrity": "sha512-1Ge963tyEQWJJ+8qtXFU6wgmAVj9gweEjibUdbmcCEYsn38tVwRk8107rk2vzt6cfQcRr3SlZ8aQBqaD8aqf+Q==",
      "license": "MIT",
      "funding": {
        "type": "opencollective",
        "url": "https://opencollective.com/bootstrap"
      },
      "peerDependencies": {
        "@popperjs/core": "^2.9.2"
      }
    },
    "node_modules/datatables.net": {
      "version": "2.3.7",
      "resolved": "https://registry.npmjs.org/datatables.net/-/datatables.net-2.3.7.tgz",
      "integrity": "sha512-AvsjG/Nkp6OxeyBKYZauemuzQCPogE1kOtKwG4sYjvdqGCSLiGaJagQwXv4YxG+ts5vaJr6qKGG9ec3g6vTo3w==",
      "license": "MIT",
      "dependencies": {
        "jquery": ">=1.7"
      }
    },
    "node_modules/datatables.net-dt": {
      "version": "2.3.7",
      "resolved": "https://registry.npmjs.org/datatables.net-dt/-/datatables.net-dt-2.3.7.tgz",
      "integrity": "sha512-OXXIliY5MXnI+284Gt73F+fEdnW2u5y9jiptlvjDDb3YlyqXU4E/YZUB262a068sM/+qakb6RixN1SWn18uF2g==",
      "license": "MIT",
      "dependencies": {
        "datatables.net": "2.3.7",
        "jquery": ">=1.7"
      }
    },
    "node_modules/datatables.net-responsive": {
      "version": "3.0.8",
      "resolved": "https://registry.npmjs.org/datatables.net-responsive/-/datatables.net-responsive-3.0.8.tgz",
      "integrity": "sha512-htslaX9g/9HFrJeyFQKEe/XJWpawPxpvy+M6vc/NkKQIrKhbxSoPc3phPqmlnZth6b9hgawqWDT0e0lwf5p+KA==",
      "license": "MIT",
      "dependencies": {
        "datatables.net": "^2",
        "jquery": ">=1.7"
      }
    },
    "node_modules/datatables.net-responsive-dt": {
      "version": "3.0.8",
      "resolved": "https://registry.npmjs.org/datatables.net-responsive-dt/-/datatables.net-responsive-dt-3.0.8.tgz",
      "integrity": "sha512-Nq5q1UZZJwWjZJf1SedZKmfnOKRrx00TaAsCN7CLx9c6cmouFQ6AqLf7Lcs1eV30oRTt1e2rcQtu3BNjGwjnHw==",
      "license": "MIT",
      "dependencies": {
        "datatables.net-dt": "^2",
        "datatables.net-responsive": "3.0.8",
        "jquery": ">=1.7"
      }
    },
    "node_modules/jquery": {
      "version": "3.7.1",
      "resolved": "https://registry.npmjs.org/jquery/-/jquery-3.7.1.tgz",
      "integrity": "sha512-m4avr8yL8kmFN8psrbFFFmB/If14iN5o9nw/NgnnM+kybDJpRsAynV2BsfpTYrTRysYUdADVD7CkUUizgkpLfg==",
      "license": "MIT"
    },
    "node_modules/material-icons": {
      "version": "1.13.14",
      "resolved": "https://registry.npmjs.org/material-icons/-/material-icons-1.13.14.tgz",
      "integrity": "sha512-kZOfc7xCC0rAT8Q3DQixYAeT+tBqZnxkseQtp2bxBxz7q5pMAC+wmit7vJn1g/l7wRU+HEPq23gER4iPjGs5Cg==",
      "license": "Apache-2.0"
    },
    "node_modules/sweetalert2": {
      "version": "11.26.18",
      "resolved": "https://registry.npmjs.org/sweetalert2/-/sweetalert2-11.26.18.tgz",
      "integrity": "sha512-3O5feBqV+hTIOwCRKGuZGHosjiuBAKP/vpBl6vKFZeVYfCUGdXqXuuidn6YXHan3f6e62UdmnjwJBt8UtDVBhg==",
      "license": "MIT",
      "funding": {
        "type": "individual",
        "url": "https://github.com/sponsors/limonte"
      }
    },
    "node_modules/toastr": {
      "version": "2.1.4",
      "resolved": "https://registry.npmjs.org/toastr/-/toastr-2.1.4.tgz",
      "integrity": "sha512-LIy77F5n+sz4tefMmFOntcJ6HL0Fv3k1TDnNmFZ0bU/GcvIIfy6eG2v7zQmMiYgaalAiUv75ttFrPn5s0gyqlA==",
      "dependencies": {
        "jquery": ">=1.12.0"
      }
    }
  }
}
